// !$*UTF8*$!
{
	archiveVersion = 1;
	classes = {
	};
	objectVersion = 55;
	objects = {

/* Begin PBXBuildFile section */
		9008E43C28B63625005852B4 /* FileManager+Extension.swift in Sources */ = {isa = PBXBuildFile; fileRef = 9008E43B28B63625005852B4 /* FileManager+Extension.swift */; };
		901C30AB28B530C2006F684E /* CustomView.swift in Sources */ = {isa = PBXBuildFile; fileRef = 901C30AA28B530C2006F684E /* CustomView.swift */; };
		902579E228B753A700BB3501 /* BackUpViewController.swift in Sources */ = {isa = PBXBuildFile; fileRef = 902579E128B753A700BB3501 /* BackUpViewController.swift */; };
		902579E528B7556300BB3501 /* Extension.swift in Sources */ = {isa = PBXBuildFile; fileRef = 902579E428B7556300BB3501 /* Extension.swift */; };
		902579E828B7560A00BB3501 /* SnapKit in Frameworks */ = {isa = PBXBuildFile; productRef = 902579E728B7560A00BB3501 /* SnapKit */; };
		902579EC28B756EE00BB3501 /* Realm in Frameworks */ = {isa = PBXBuildFile; productRef = 902579EB28B756EE00BB3501 /* Realm */; };
		902579EE28B756EE00BB3501 /* RealmSwift in Frameworks */ = {isa = PBXBuildFile; productRef = 902579ED28B756EE00BB3501 /* RealmSwift */; };
		902579F428B792B600BB3501 /* Zip in Frameworks */ = {isa = PBXBuildFile; productRef = 902579F328B792B600BB3501 /* Zip */; };
		9031E89F28B7EE620054590B /* PHPViewController.swift in Sources */ = {isa = PBXBuildFile; fileRef = 9031E89E28B7EE620054590B /* PHPViewController.swift */; };
		903CD5E828B381CD00411649 /* RealmModel.swift in Sources */ = {isa = PBXBuildFile; fileRef = 903CD5E728B381CD00411649 /* RealmModel.swift */; };
		903CD5F328B3988E00411649 /* ReusableProtocol.swift in Sources */ = {isa = PBXBuildFile; fileRef = 903CD5F228B3988E00411649 /* ReusableProtocol.swift */; };
		903CD5F528B3992200411649 /* BaseViewController.swift in Sources */ = {isa = PBXBuildFile; fileRef = 903CD5F428B3992200411649 /* BaseViewController.swift */; };
		903CD5F728B399E400411649 /* BaseTabelViewCell.swift in Sources */ = {isa = PBXBuildFile; fileRef = 903CD5F628B399E400411649 /* BaseTabelViewCell.swift */; };
		903CD5F928B39B0600411649 /* BaseView.swift in Sources */ = {isa = PBXBuildFile; fileRef = 903CD5F828B39B0600411649 /* BaseView.swift */; };
		903CD5FB28B39B8100411649 /* ShoppingListViewController.swift in Sources */ = {isa = PBXBuildFile; fileRef = 903CD5FA28B39B8100411649 /* ShoppingListViewController.swift */; };
		903CD5FD28B39B9D00411649 /* ShoppingListView.swift in Sources */ = {isa = PBXBuildFile; fileRef = 903CD5FC28B39B9D00411649 /* ShoppingListView.swift */; };
		903CD5FF28B39BB000411649 /* ShopptingListTableViewCell_re.swift in Sources */ = {isa = PBXBuildFile; fileRef = 903CD5FE28B39BB000411649 /* ShopptingListTableViewCell_re.swift */; };
		90477A9528BB3B8700C22C8D /* FSCalendar in Frameworks */ = {isa = PBXBuildFile; productRef = 90477A9428BB3B8700C22C8D /* FSCalendar */; };
		90477A9728BB3E4500C22C8D /* UserTodoRepositoryType.swift in Sources */ = {isa = PBXBuildFile; fileRef = 90477A9628BB3E4500C22C8D /* UserTodoRepositoryType.swift */; };
		904942E02886AED500E79CF8 /* AppDelegate.swift in Sources */ = {isa = PBXBuildFile; fileRef = 904942DF2886AED500E79CF8 /* AppDelegate.swift */; };
		904942E22886AED500E79CF8 /* SceneDelegate.swift in Sources */ = {isa = PBXBuildFile; fileRef = 904942E12886AED500E79CF8 /* SceneDelegate.swift */; };
		904942E42886AED500E79CF8 /* ViewController.swift in Sources */ = {isa = PBXBuildFile; fileRef = 904942E32886AED500E79CF8 /* ViewController.swift */; };
		904942E72886AED500E79CF8 /* Main.storyboard in Resources */ = {isa = PBXBuildFile; fileRef = 904942E52886AED500E79CF8 /* Main.storyboard */; };
		904942E92886AED600E79CF8 /* Assets.xcassets in Resources */ = {isa = PBXBuildFile; fileRef = 904942E82886AED600E79CF8 /* Assets.xcassets */; };
		904942EC2886AED600E79CF8 /* LaunchScreen.storyboard in Resources */ = {isa = PBXBuildFile; fileRef = 904942EA2886AED600E79CF8 /* LaunchScreen.storyboard */; };
		904942F62886B73000E79CF8 /* ShoppingListTableViewController.swift in Sources */ = {isa = PBXBuildFile; fileRef = 904942F52886B73000E79CF8 /* ShoppingListTableViewController.swift */; };
		904942F82886B79700E79CF8 /* ShopptingListTableViewCell.swift in Sources */ = {isa = PBXBuildFile; fileRef = 904942F72886B79700E79CF8 /* ShopptingListTableViewCell.swift */; };
/* End PBXBuildFile section */

/* Begin PBXFileReference section */
		9008E43B28B63625005852B4 /* FileManager+Extension.swift */ = {isa = PBXFileReference; lastKnownFileType = sourcecode.swift; path = "FileManager+Extension.swift"; sourceTree = "<group>"; };
		901C30AA28B530C2006F684E /* CustomView.swift */ = {isa = PBXFileReference; lastKnownFileType = sourcecode.swift; path = CustomView.swift; sourceTree = "<group>"; };
		902579E128B753A700BB3501 /* BackUpViewController.swift */ = {isa = PBXFileReference; lastKnownFileType = sourcecode.swift; path = BackUpViewController.swift; sourceTree = "<group>"; };
		902579E428B7556300BB3501 /* Extension.swift */ = {isa = PBXFileReference; lastKnownFileType = sourcecode.swift; path = Extension.swift; sourceTree = "<group>"; };
		9031E89E28B7EE620054590B /* PHPViewController.swift */ = {isa = PBXFileReference; lastKnownFileType = sourcecode.swift; path = PHPViewController.swift; sourceTree = "<group>"; };
		903CD5E728B381CD00411649 /* RealmModel.swift */ = {isa = PBXFileReference; lastKnownFileType = sourcecode.swift; path = RealmModel.swift; sourceTree = "<group>"; };
		903CD5F228B3988E00411649 /* ReusableProtocol.swift */ = {isa = PBXFileReference; lastKnownFileType = sourcecode.swift; path = ReusableProtocol.swift; sourceTree = "<group>"; };
		903CD5F428B3992200411649 /* BaseViewController.swift */ = {isa = PBXFileReference; lastKnownFileType = sourcecode.swift; path = BaseViewController.swift; sourceTree = "<group>"; };
		903CD5F628B399E400411649 /* BaseTabelViewCell.swift */ = {isa = PBXFileReference; lastKnownFileType = sourcecode.swift; path = BaseTabelViewCell.swift; sourceTree = "<group>"; };
		903CD5F828B39B0600411649 /* BaseView.swift */ = {isa = PBXFileReference; lastKnownFileType = sourcecode.swift; path = BaseView.swift; sourceTree = "<group>"; };
		903CD5FA28B39B8100411649 /* ShoppingListViewController.swift */ = {isa = PBXFileReference; lastKnownFileType = sourcecode.swift; path = ShoppingListViewController.swift; sourceTree = "<group>"; };
		903CD5FC28B39B9D00411649 /* ShoppingListView.swift */ = {isa = PBXFileReference; lastKnownFileType = sourcecode.swift; path = ShoppingListView.swift; sourceTree = "<group>"; };
		903CD5FE28B39BB000411649 /* ShopptingListTableViewCell_re.swift */ = {isa = PBXFileReference; lastKnownFileType = sourcecode.swift; path = ShopptingListTableViewCell_re.swift; sourceTree = "<group>"; };
		90477A9628BB3E4500C22C8D /* UserTodoRepositoryType.swift */ = {isa = PBXFileReference; lastKnownFileType = sourcecode.swift; path = UserTodoRepositoryType.swift; sourceTree = "<group>"; };
		904942DC2886AED500E79CF8 /* ShoppingList.app */ = {isa = PBXFileReference; explicitFileType = wrapper.application; includeInIndex = 0; path = ShoppingList.app; sourceTree = BUILT_PRODUCTS_DIR; };
		904942DF2886AED500E79CF8 /* AppDelegate.swift */ = {isa = PBXFileReference; lastKnownFileType = sourcecode.swift; path = AppDelegate.swift; sourceTree = "<group>"; };
		904942E12886AED500E79CF8 /* SceneDelegate.swift */ = {isa = PBXFileReference; lastKnownFileType = sourcecode.swift; path = SceneDelegate.swift; sourceTree = "<group>"; };
		904942E32886AED500E79CF8 /* ViewController.swift */ = {isa = PBXFileReference; lastKnownFileType = sourcecode.swift; path = ViewController.swift; sourceTree = "<group>"; };
		904942E62886AED500E79CF8 /* Base */ = {isa = PBXFileReference; lastKnownFileType = file.storyboard; name = Base; path = Base.lproj/Main.storyboard; sourceTree = "<group>"; };
		904942E82886AED600E79CF8 /* Assets.xcassets */ = {isa = PBXFileReference; lastKnownFileType = folder.assetcatalog; path = Assets.xcassets; sourceTree = "<group>"; };
		904942EB2886AED600E79CF8 /* Base */ = {isa = PBXFileReference; lastKnownFileType = file.storyboard; name = Base; path = Base.lproj/LaunchScreen.storyboard; sourceTree = "<group>"; };
		904942ED2886AED600E79CF8 /* Info.plist */ = {isa = PBXFileReference; lastKnownFileType = text.plist.xml; path = Info.plist; sourceTree = "<group>"; };
		904942F52886B73000E79CF8 /* ShoppingListTableViewController.swift */ = {isa = PBXFileReference; lastKnownFileType = sourcecode.swift; path = ShoppingListTableViewController.swift; sourceTree = "<group>"; };
		904942F72886B79700E79CF8 /* ShopptingListTableViewCell.swift */ = {isa = PBXFileReference; lastKnownFileType = sourcecode.swift; path = ShopptingListTableViewCell.swift; sourceTree = "<group>"; };
/* End PBXFileReference section */

/* Begin PBXFrameworksBuildPhase section */
		904942D92886AED500E79CF8 /* Frameworks */ = {
			isa = PBXFrameworksBuildPhase;
			buildActionMask = 2147483647;
			files = (
				902579EE28B756EE00BB3501 /* RealmSwift in Frameworks */,
				902579EC28B756EE00BB3501 /* Realm in Frameworks */,
				902579F428B792B600BB3501 /* Zip in Frameworks */,
				90477A9528BB3B8700C22C8D /* FSCalendar in Frameworks */,
				902579E828B7560A00BB3501 /* SnapKit in Frameworks */,
			);
			runOnlyForDeploymentPostprocessing = 0;
		};
/* End PBXFrameworksBuildPhase section */

/* Begin PBXGroup section */
		901C307628B4A3C0006F684E /* Frameworks */ = {
			isa = PBXGroup;
			children = (
			);
			name = Frameworks;
			sourceTree = "<group>";
		};
		901C30A928B530A9006F684E /* Custom */ = {
			isa = PBXGroup;
			children = (
				901C30AA28B530C2006F684E /* CustomView.swift */,
			);
			path = Custom;
			sourceTree = "<group>";
		};
		902579E028B7539100BB3501 /* BackUp */ = {
			isa = PBXGroup;
			children = (
				902579E128B753A700BB3501 /* BackUpViewController.swift */,
			);
			path = BackUp;
			sourceTree = "<group>";
		};
		903CD5E628B381A900411649 /* Realm */ = {
			isa = PBXGroup;
			children = (
				903CD5E728B381CD00411649 /* RealmModel.swift */,
			);
			path = Realm;
			sourceTree = "<group>";
		};
		903CD5EE28B397E600411649 /* CodeBaseShoppingList */ = {
			isa = PBXGroup;
			children = (
				902579E028B7539100BB3501 /* BackUp */,
				901C30A928B530A9006F684E /* Custom */,
				903CD5F128B3986700411649 /* Constants */,
				903CD5F028B3983700411649 /* ShoppingList */,
				903CD5EF28B3982800411649 /* Base */,
				9008E43B28B63625005852B4 /* FileManager+Extension.swift */,
				902579E428B7556300BB3501 /* Extension.swift */,
				90477A9628BB3E4500C22C8D /* UserTodoRepositoryType.swift */,
			);
			path = CodeBaseShoppingList;
			sourceTree = "<group>";
		};
		903CD5EF28B3982800411649 /* Base */ = {
			isa = PBXGroup;
			children = (
				903CD5F428B3992200411649 /* BaseViewController.swift */,
				903CD5F628B399E400411649 /* BaseTabelViewCell.swift */,
				903CD5F828B39B0600411649 /* BaseView.swift */,
			);
			path = Base;
			sourceTree = "<group>";
		};
		903CD5F028B3983700411649 /* ShoppingList */ = {
			isa = PBXGroup;
			children = (
				903CD5FA28B39B8100411649 /* ShoppingListViewController.swift */,
				903CD5FC28B39B9D00411649 /* ShoppingListView.swift */,
				903CD5FE28B39BB000411649 /* ShopptingListTableViewCell_re.swift */,
				9031E89E28B7EE620054590B /* PHPViewController.swift */,
			);
			path = ShoppingList;
			sourceTree = "<group>";
		};
		903CD5F128B3986700411649 /* Constants */ = {
			isa = PBXGroup;
			children = (
				903CD5F228B3988E00411649 /* ReusableProtocol.swift */,
			);
			path = Constants;
			sourceTree = "<group>";
		};
		904942D32886AED500E79CF8 = {
			isa = PBXGroup;
			children = (
				904942DE2886AED500E79CF8 /* ShoppingList */,
				904942DD2886AED500E79CF8 /* Products */,
				901C307628B4A3C0006F684E /* Frameworks */,
			);
			sourceTree = "<group>";
		};
		904942DD2886AED500E79CF8 /* Products */ = {
			isa = PBXGroup;
			children = (
				904942DC2886AED500E79CF8 /* ShoppingList.app */,
			);
			name = Products;
			sourceTree = "<group>";
		};
		904942DE2886AED500E79CF8 /* ShoppingList */ = {
			isa = PBXGroup;
			children = (
				903CD5EE28B397E600411649 /* CodeBaseShoppingList */,
				903CD5E628B381A900411649 /* Realm */,
				904942DF2886AED500E79CF8 /* AppDelegate.swift */,
				904942E12886AED500E79CF8 /* SceneDelegate.swift */,
				904942E32886AED500E79CF8 /* ViewController.swift */,
				904942E52886AED500E79CF8 /* Main.storyboard */,
				904942F72886B79700E79CF8 /* ShopptingListTableViewCell.swift */,
				904942F52886B73000E79CF8 /* ShoppingListTableViewController.swift */,
				904942E82886AED600E79CF8 /* Assets.xcassets */,
				904942EA2886AED600E79CF8 /* LaunchScreen.storyboard */,
				904942ED2886AED600E79CF8 /* Info.plist */,
			);
			path = ShoppingList;
			sourceTree = "<group>";
		};
/* End PBXGroup section */

/* Begin PBXNativeTarget section */
		904942DB2886AED500E79CF8 /* ShoppingList */ = {
			isa = PBXNativeTarget;
			buildConfigurationList = 904942F02886AED600E79CF8 /* Build configuration list for PBXNativeTarget "ShoppingList" */;
			buildPhases = (
				904942D82886AED500E79CF8 /* Sources */,
				904942D92886AED500E79CF8 /* Frameworks */,
				904942DA2886AED500E79CF8 /* Resources */,
			);
			buildRules = (
			);
			dependencies = (
			);
			name = ShoppingList;
			packageProductDependencies = (
				902579E728B7560A00BB3501 /* SnapKit */,
				902579EB28B756EE00BB3501 /* Realm */,
				902579ED28B756EE00BB3501 /* RealmSwift */,
				902579F328B792B600BB3501 /* Zip */,
				90477A9428BB3B8700C22C8D /* FSCalendar */,
			);
			productName = ShoppingList;
			productReference = 904942DC2886AED500E79CF8 /* ShoppingList.app */;
			productType = "com.apple.product-type.application";
		};
/* End PBXNativeTarget section */

/* Begin PBXProject section */
		904942D42886AED500E79CF8 /* Project object */ = {
			isa = PBXProject;
			attributes = {
				BuildIndependentTargetsInParallel = 1;
				LastSwiftUpdateCheck = 1340;
				LastUpgradeCheck = 1340;
				TargetAttributes = {
					904942DB2886AED500E79CF8 = {
						CreatedOnToolsVersion = 13.4.1;
					};
				};
			};
			buildConfigurationList = 904942D72886AED500E79CF8 /* Build configuration list for PBXProject "ShoppingList" */;
			compatibilityVersion = "Xcode 13.0";
			developmentRegion = en;
			hasScannedForEncodings = 0;
			knownRegions = (
				en,
				Base,
			);
			mainGroup = 904942D32886AED500E79CF8;
			packageReferences = (
				902579E628B7560A00BB3501 /* XCRemoteSwiftPackageReference "SnapKit" */,
				902579EA28B756EE00BB3501 /* XCRemoteSwiftPackageReference "realm-swift" */,
				902579F228B792B500BB3501 /* XCRemoteSwiftPackageReference "Zip" */,
				90477A9328BB3B8700C22C8D /* XCRemoteSwiftPackageReference "FSCalendar" */,
			);
			productRefGroup = 904942DD2886AED500E79CF8 /* Products */;
			projectDirPath = "";
			projectRoot = "";
			targets = (
				904942DB2886AED500E79CF8 /* ShoppingList */,
			);
		};
/* End PBXProject section */

/* Begin PBXResourcesBuildPhase section */
		904942DA2886AED500E79CF8 /* Resources */ = {
			isa = PBXResourcesBuildPhase;
			buildActionMask = 2147483647;
			files = (
				904942EC2886AED600E79CF8 /* LaunchScreen.storyboard in Resources */,
				904942E92886AED600E79CF8 /* Assets.xcassets in Resources */,
				904942E72886AED500E79CF8 /* Main.storyboard in Resources */,
			);
			runOnlyForDeploymentPostprocessing = 0;
		};
/* End PBXResourcesBuildPhase section */

/* Begin PBXSourcesBuildPhase section */
		904942D82886AED500E79CF8 /* Sources */ = {
			isa = PBXSourcesBuildPhase;
			buildActionMask = 2147483647;
			files = (
				903CD5FD28B39B9D00411649 /* ShoppingListView.swift in Sources */,
				903CD5FB28B39B8100411649 /* ShoppingListViewController.swift in Sources */,
				904942E42886AED500E79CF8 /* ViewController.swift in Sources */,
				901C30AB28B530C2006F684E /* CustomView.swift in Sources */,
				903CD5F328B3988E00411649 /* ReusableProtocol.swift in Sources */,
				903CD5E828B381CD00411649 /* RealmModel.swift in Sources */,
				904942E02886AED500E79CF8 /* AppDelegate.swift in Sources */,
				904942E22886AED500E79CF8 /* SceneDelegate.swift in Sources */,
				903CD5F528B3992200411649 /* BaseViewController.swift in Sources */,
				904942F62886B73000E79CF8 /* ShoppingListTableViewController.swift in Sources */,
				902579E528B7556300BB3501 /* Extension.swift in Sources */,
				9031E89F28B7EE620054590B /* PHPViewController.swift in Sources */,
				90477A9728BB3E4500C22C8D /* UserTodoRepositoryType.swift in Sources */,
				902579E228B753A700BB3501 /* BackUpViewController.swift in Sources */,
				903CD5F928B39B0600411649 /* BaseView.swift in Sources */,
				9008E43C28B63625005852B4 /* FileManager+Extension.swift in Sources */,
				903CD5F728B399E400411649 /* BaseTabelViewCell.swift in Sources */,
				904942F82886B79700E79CF8 /* ShopptingListTableViewCell.swift in Sources */,
				903CD5FF28B39BB000411649 /* ShopptingListTableViewCell_re.swift in Sources */,
			);
			runOnlyForDeploymentPostprocessing = 0;
		};
/* End PBXSourcesBuildPhase section */

/* Begin PBXVariantGroup section */
		904942E52886AED500E79CF8 /* Main.storyboard */ = {
			isa = PBXVariantGroup;
			children = (
				904942E62886AED500E79CF8 /* Base */,
			);
			name = Main.storyboard;
			sourceTree = "<group>";
		};
		904942EA2886AED600E79CF8 /* LaunchScreen.storyboard */ = {
			isa = PBXVariantGroup;
			children = (
				904942EB2886AED600E79CF8 /* Base */,
			);
			name = LaunchScreen.storyboard;
			sourceTree = "<group>";
		};
/* End PBXVariantGroup section */

/* Begin XCBuildConfiguration section */
		904942EE2886AED600E79CF8 /* Debug */ = {
			isa = XCBuildConfiguration;
			buildSettings = {
				ALWAYS_SEARCH_USER_PATHS = NO;
				CLANG_ANALYZER_NONNULL = YES;
				CLANG_ANALYZER_NUMBER_OBJECT_CONVERSION = YES_AGGRESSIVE;
				CLANG_CXX_LANGUAGE_STANDARD = "gnu++17";
				CLANG_ENABLE_MODULES = YES;
				CLANG_ENABLE_OBJC_ARC = YES;
				CLANG_ENABLE_OBJC_WEAK = YES;
				CLANG_WARN_BLOCK_CAPTURE_AUTORELEASING = YES;
				CLANG_WARN_BOOL_CONVERSION = YES;
				CLANG_WARN_COMMA = YES;
				CLANG_WARN_CONSTANT_CONVERSION = YES;
				CLANG_WARN_DEPRECATED_OBJC_IMPLEMENTATIONS = YES;
				CLANG_WARN_DIRECT_OBJC_ISA_USAGE = YES_ERROR;
				CLANG_WARN_DOCUMENTATION_COMMENTS = YES;
				CLANG_WARN_EMPTY_BODY = YES;
				CLANG_WARN_ENUM_CONVERSION = YES;
				CLANG_WARN_INFINITE_RECURSION = YES;
				CLANG_WARN_INT_CONVERSION = YES;
				CLANG_WARN_NON_LITERAL_NULL_CONVERSION = YES;
				CLANG_WARN_OBJC_IMPLICIT_RETAIN_SELF = YES;
				CLANG_WARN_OBJC_LITERAL_CONVERSION = YES;
				CLANG_WARN_OBJC_ROOT_CLASS = YES_ERROR;
				CLANG_WARN_QUOTED_INCLUDE_IN_FRAMEWORK_HEADER = YES;
				CLANG_WARN_RANGE_LOOP_ANALYSIS = YES;
				CLANG_WARN_STRICT_PROTOTYPES = YES;
				CLANG_WARN_SUSPICIOUS_MOVE = YES;
				CLANG_WARN_UNGUARDED_AVAILABILITY = YES_AGGRESSIVE;
				CLANG_WARN_UNREACHABLE_CODE = YES;
				CLANG_WARN__DUPLICATE_METHOD_MATCH = YES;
				COPY_PHASE_STRIP = NO;
				DEBUG_INFORMATION_FORMAT = dwarf;
				ENABLE_STRICT_OBJC_MSGSEND = YES;
				ENABLE_TESTABILITY = YES;
				GCC_C_LANGUAGE_STANDARD = gnu11;
				GCC_DYNAMIC_NO_PIC = NO;
				GCC_NO_COMMON_BLOCKS = YES;
				GCC_OPTIMIZATION_LEVEL = 0;
				GCC_PREPROCESSOR_DEFINITIONS = (
					"DEBUG=1",
					"$(inherited)",
				);
				GCC_WARN_64_TO_32_BIT_CONVERSION = YES;
				GCC_WARN_ABOUT_RETURN_TYPE = YES_ERROR;
				GCC_WARN_UNDECLARED_SELECTOR = YES;
				GCC_WARN_UNINITIALIZED_AUTOS = YES_AGGRESSIVE;
				GCC_WARN_UNUSED_FUNCTION = YES;
				GCC_WARN_UNUSED_VARIABLE = YES;
				IPHONEOS_DEPLOYMENT_TARGET = 15.5;
				MTL_ENABLE_DEBUG_INFO = INCLUDE_SOURCE;
				MTL_FAST_MATH = YES;
				ONLY_ACTIVE_ARCH = YES;
				SDKROOT = iphoneos;
				SWIFT_ACTIVE_COMPILATION_CONDITIONS = DEBUG;
				SWIFT_OPTIMIZATION_LEVEL = "-Onone";
			};
			name = Debug;
		};
		904942EF2886AED600E79CF8 /* Release */ = {
			isa = XCBuildConfiguration;
			buildSettings = {
				ALWAYS_SEARCH_USER_PATHS = NO;
				CLANG_ANALYZER_NONNULL = YES;
				CLANG_ANALYZER_NUMBER_OBJECT_CONVERSION = YES_AGGRESSIVE;
				CLANG_CXX_LANGUAGE_STANDARD = "gnu++17";
				CLANG_ENABLE_MODULES = YES;
				CLANG_ENABLE_OBJC_ARC = YES;
				CLANG_ENABLE_OBJC_WEAK = YES;
				CLANG_WARN_BLOCK_CAPTURE_AUTORELEASING = YES;
				CLANG_WARN_BOOL_CONVERSION = YES;
				CLANG_WARN_COMMA = YES;
				CLANG_WARN_CONSTANT_CONVERSION = YES;
				CLANG_WARN_DEPRECATED_OBJC_IMPLEMENTATIONS = YES;
				CLANG_WARN_DIRECT_OBJC_ISA_USAGE = YES_ERROR;
				CLANG_WARN_DOCUMENTATION_COMMENTS = YES;
				CLANG_WARN_EMPTY_BODY = YES;
				CLANG_WARN_ENUM_CONVERSION = YES;
				CLANG_WARN_INFINITE_RECURSION = YES;
				CLANG_WARN_INT_CONVERSION = YES;
				CLANG_WARN_NON_LITERAL_NULL_CONVERSION = YES;
				CLANG_WARN_OBJC_IMPLICIT_RETAIN_SELF = YES;
				CLANG_WARN_OBJC_LITERAL_CONVERSION = YES;
				CLANG_WARN_OBJC_ROOT_CLASS = YES_ERROR;
				CLANG_WARN_QUOTED_INCLUDE_IN_FRAMEWORK_HEADER = YES;
				CLANG_WARN_RANGE_LOOP_ANALYSIS = YES;
				CLANG_WARN_STRICT_PROTOTYPES = YES;
				CLANG_WARN_SUSPICIOUS_MOVE = YES;
				CLANG_WARN_UNGUARDED_AVAILABILITY = YES_AGGRESSIVE;
				CLANG_WARN_UNREACHABLE_CODE = YES;
				CLANG_WARN__DUPLICATE_METHOD_MATCH = YES;
				COPY_PHASE_STRIP = NO;
				DEBUG_INFORMATION_FORMAT = "dwarf-with-dsym";
				ENABLE_NS_ASSERTIONS = NO;
				ENABLE_STRICT_OBJC_MSGSEND = YES;
				GCC_C_LANGUAGE_STANDARD = gnu11;
				GCC_NO_COMMON_BLOCKS = YES;
				GCC_WARN_64_TO_32_BIT_CONVERSION = YES;
				GCC_WARN_ABOUT_RETURN_TYPE = YES_ERROR;
				GCC_WARN_UNDECLARED_SELECTOR = YES;
				GCC_WARN_UNINITIALIZED_AUTOS = YES_AGGRESSIVE;
				GCC_WARN_UNUSED_FUNCTION = YES;
				GCC_WARN_UNUSED_VARIABLE = YES;
				IPHONEOS_DEPLOYMENT_TARGET = 15.5;
				MTL_ENABLE_DEBUG_INFO = NO;
				MTL_FAST_MATH = YES;
				SDKROOT = iphoneos;
				SWIFT_COMPILATION_MODE = wholemodule;
				SWIFT_OPTIMIZATION_LEVEL = "-O";
				VALIDATE_PRODUCT = YES;
			};
			name = Release;
		};
		904942F12886AED600E79CF8 /* Debug */ = {
			isa = XCBuildConfiguration;
			buildSettings = {
				ASSETCATALOG_COMPILER_APPICON_NAME = AppIcon;
				ASSETCATALOG_COMPILER_GLOBAL_ACCENT_COLOR_NAME = AccentColor;
				CODE_SIGN_STYLE = Automatic;
				CURRENT_PROJECT_VERSION = 1;
				DEVELOPMENT_TEAM = 6H94XW3M7L;
				GENERATE_INFOPLIST_FILE = YES;
				INFOPLIST_FILE = ShoppingList/Info.plist;
				INFOPLIST_KEY_UIApplicationSupportsIndirectInputEvents = YES;
				INFOPLIST_KEY_UILaunchStoryboardName = LaunchScreen;
				INFOPLIST_KEY_UIMainStoryboardFile = Main;
				INFOPLIST_KEY_UISupportedInterfaceOrientations_iPad = "UIInterfaceOrientationPortrait UIInterfaceOrientationPortraitUpsideDown UIInterfaceOrientationLandscapeLeft UIInterfaceOrientationLandscapeRight";
				INFOPLIST_KEY_UISupportedInterfaceOrientations_iPhone = "UIInterfaceOrientationPortrait UIInterfaceOrientationLandscapeLeft UIInterfaceOrientationLandscapeRight";
				IPHONEOS_DEPLOYMENT_TARGET = 15.0;
				LD_RUNPATH_SEARCH_PATHS = (
					"$(inherited)",
					"@executable_path/Frameworks",
				);
				MARKETING_VERSION = 1.0;
				PRODUCT_BUNDLE_IDENTIFIER = com.bangsunu.ShoppingList;
				PRODUCT_NAME = "$(TARGET_NAME)";
				SWIFT_EMIT_LOC_STRINGS = YES;
				SWIFT_VERSION = 5.0;
				TARGETED_DEVICE_FAMILY = 1;
			};
			name = Debug;
		};
		904942F22886AED600E79CF8 /* Release */ = {
			isa = XCBuildConfiguration;
			buildSettings = {
				ASSETCATALOG_COMPILER_APPICON_NAME = AppIcon;
				ASSETCATALOG_COMPILER_GLOBAL_ACCENT_COLOR_NAME = AccentColor;
				CODE_SIGN_STYLE = Automatic;
				CURRENT_PROJECT_VERSION = 1;
				DEVELOPMENT_TEAM = 6H94XW3M7L;
				GENERATE_INFOPLIST_FILE = YES;
				INFOPLIST_FILE = ShoppingList/Info.plist;
				INFOPLIST_KEY_UIApplicationSupportsIndirectInputEvents = YES;
				INFOPLIST_KEY_UILaunchStoryboardName = LaunchScreen;
				INFOPLIST_KEY_UIMainStoryboardFile = Main;
				INFOPLIST_KEY_UISupportedInterfaceOrientations_iPad = "UIInterfaceOrientationPortrait UIInterfaceOrientationPortraitUpsideDown UIInterfaceOrientationLandscapeLeft UIInterfaceOrientationLandscapeRight";
				INFOPLIST_KEY_UISupportedInterfaceOrientations_iPhone = "UIInterfaceOrientationPortrait UIInterfaceOrientationLandscapeLeft UIInterfaceOrientationLandscapeRight";
				IPHONEOS_DEPLOYMENT_TARGET = 15.0;
				LD_RUNPATH_SEARCH_PATHS = (
					"$(inherited)",
					"@executable_path/Frameworks",
				);
				MARKETING_VERSION = 1.0;
				PRODUCT_BUNDLE_IDENTIFIER = com.bangsunu.ShoppingList;
				PRODUCT_NAME = "$(TARGET_NAME)";
				SWIFT_EMIT_LOC_STRINGS = YES;
				SWIFT_VERSION = 5.0;
				TARGETED_DEVICE_FAMILY = 1;
			};
			name = Release;
		};
/* End XCBuildConfiguration section */

/* Begin XCConfigurationList section */
		904942D72886AED500E79CF8 /* Build configuration list for PBXProject "ShoppingList" */ = {
			isa = XCConfigurationList;
			buildConfigurations = (
				904942EE2886AED600E79CF8 /* Debug */,
				904942EF2886AED600E79CF8 /* Release */,
			);
			defaultConfigurationIsVisible = 0;
			defaultConfigurationName = Release;
		};
		904942F02886AED600E79CF8 /* Build configuration list for PBXNativeTarget "ShoppingList" */ = {
			isa = XCConfigurationList;
			buildConfigurations = (
				904942F12886AED600E79CF8 /* Debug */,
				904942F22886AED600E79CF8 /* Release */,
			);
			defaultConfigurationIsVisible = 0;
			defaultConfigurationName = Release;
		};
/* End XCConfigurationList section */

/* Begin XCRemoteSwiftPackageReference section */
		902579E628B7560A00BB3501 /* XCRemoteSwiftPackageReference "SnapKit" */ = {
			isa = XCRemoteSwiftPackageReference;
			repositoryURL = "https://github.com/SnapKit/SnapKit.git";
			requirement = {
				kind = upToNextMajorVersion;
				minimumVersion = 5.0.0;
			};
		};
		902579EA28B756EE00BB3501 /* XCRemoteSwiftPackageReference "realm-swift" */ = {
			isa = XCRemoteSwiftPackageReference;
			repositoryURL = "https://github.com/realm/realm-swift.git";
			requirement = {
				kind = upToNextMajorVersion;
				minimumVersion = 10.0.0;
			};
		};
		902579F228B792B500BB3501 /* XCRemoteSwiftPackageReference "Zip" */ = {
			isa = XCRemoteSwiftPackageReference;
			repositoryURL = "https://github.com/marmelroy/Zip.git";
			requirement = {
				kind = upToNextMajorVersion;
				minimumVersion = 2.0.0;
			};
		};
		90477A9328BB3B8700C22C8D /* XCRemoteSwiftPackageReference "FSCalendar" */ = {
			isa = XCRemoteSwiftPackageReference;
			repositoryURL = "https://github.com/WenchaoD/FSCalendar";
			requirement = {
				kind = upToNextMajorVersion;
				minimumVersion = 2.0.0;
			};
		};
/* End XCRemoteSwiftPackageReference section */

/* Begin XCSwiftPackageProductDependency section */
		902579E728B7560A00BB3501 /* SnapKit */ = {
			isa = XCSwiftPackageProductDependency;
			package = 902579E628B7560A00BB3501 /* XCRemoteSwiftPackageReference "SnapKit" */;
			productName = SnapKit;
		};
		902579EB28B756EE00BB3501 /* Realm */ = {
			isa = XCSwiftPackageProductDependency;
			package = 902579EA28B756EE00BB3501 /* XCRemoteSwiftPackageReference "realm-swift" */;
			productName = Realm;
		};
		902579ED28B756EE00BB3501 /* RealmSwift */ = {
			isa = XCSwiftPackageProductDependency;
			package = 902579EA28B756EE00BB3501 /* XCRemoteSwiftPackageReference "realm-swift" */;
			productName = RealmSwift;
		};
		902579F328B792B600BB3501 /* Zip */ = {
			isa = XCSwiftPackageProductDependency;
			package = 902579F228B792B500BB3501 /* XCRemoteSwiftPackageReference "Zip" */;
			productName = Zip;
		};
		90477A9428BB3B8700C22C8D /* FSCalendar */ = {
			isa = XCSwiftPackageProductDependency;
			package = 90477A9328BB3B8700C22C8D /* XCRemoteSwiftPackageReference "FSCalendar" */;
			productName = FSCalendar;
		};
/* End XCSwiftPackageProductDependency section */
	};
	rootObject = 904942D42886AED500E79CF8 /* Project object */;
}
